{
  "name": "cull-remote",
  "version": "0.6.1",
  "lockfileVersion": 3,
  "requires": true,
  "packages": {
    "": {
      "name": "cull-remote",
      "version": "0.6.1",
      "license": "MIT",
      "dependencies": {
        "lucide-static": "^1.50.0",
        "qrcode-terminal": "^0.12.0"
      },
      "engines": {
        "node": ">=24"
      }
    },
    "node_modules/lucide-static": {
      "version": "1.50.0",
      "resolved": "https://registry.npmjs.org/lucide-static/-/lucide-static-1.50.0.tgz",
      "integrity": "sha512-Pge6F5Au0bEBvjaeBIjfU5PsmA43FHdM3s5g3rYqSNWvBO3o7WwDSNQSavwX76z/OoSCjwSVbQpGA9lqKud/WA==",
      "license": "ISC"
    },
    "node_modules/qrcode-terminal": {
      "version": "0.12.0",
      "resolved": "https://registry.npmjs.org/qrcode-terminal/-/qrcode-terminal-0.12.0.tgz",
      "integrity": "sha512-EXtzRZmC+YGmGlDFbXKxQiMZNwCLEO6BANKXG4iCtSIM0yqc/pappSx3RIKr4r0uh5JsBckOXeKrB3Iz7mdQpQ==",
      "bin": {
        "qrcode-terminal": "bin/qrcode-terminal.js"
      }
    }
  }
}
